PODS:
  - CTAssetsPickerController (3.3.2-alpha):
    - CTAssetsPickerController/Core (= 3.3.2-alpha)
    - PureLayout (~> 3.0.0)
  - CTAssetsPickerController/Core (3.3.2-alpha):
    - PureLayout (~> 3.0.0)
  - PureLayout (3.0.1)

DEPENDENCIES:
  - CTAssetsPickerController (from `.`)

EXTERNAL SOURCES:
  CTAssetsPickerController:
    :path: "."

SPEC CHECKSUMS:
  CTAssetsPickerController: b88d1ca098a4645399ab25e96b56b7b64550f2e7
  PureLayout: f35f5384c9c4e4479df041dbe33ad7577b71ddfb

COCOAPODS: 0.39.0
